<?xml version="1.0" encoding="utf-8"?>
<Project ToolsVersion="15.0" xmlns="http://schemas.microsoft.com/developer/msbuild/2003">
  <ItemGroup>
    <ClCompile Include="..\ChapmanWindows\vector3.cpp">
      <Filter>Source Files</Filter>
    </ClCompile>
    <ClCompile Include="..\ChapmanWindows\camera.cpp">
      <Filter>Source Files</Filter>
    </ClCompile>
    <ClCompile Include="..\ChapmanWindows\color.cpp">
      <Filter>Source Files</Filter>
    </ClCompile>
    <ClCompile Include="..\ChapmanWindows\directional_light.cpp">
      <Filter>Source Files</Filter>
    </ClCompile>
    <ClCompile Include="..\ChapmanWindows\image.cpp">
      <Filter>Source Files</Filter>
    </ClCompile>
    <ClCompile Include="..\ChapmanWindows\intersectable.cpp">
      <Filter>Source Files</Filter>
    </ClCompile>
    <ClCompile Include="..\ChapmanWindows\intersection.cpp">
      <Filter>Source Files</Filter>
    </ClCompile>
    <ClCompile Include="..\ChapmanWindows\light.cpp">
      <Filter>Source Files</Filter>
    </ClCompile>
    <ClCompile Include="..\ChapmanWindows\main.cpp">
      <Filter>Source Files</Filter>
    </ClCompile>
    <ClCompile Include="..\ChapmanWindows\material.cpp">
      <Filter>Source Files</Filter>
    </ClCompile>
    <ClCompile Include="..\ChapmanWindows\plane.cpp">
      <Filter>Source Files</Filter>
    </ClCompile>
    <ClCompile Include="..\ChapmanWindows\point_light.cpp">
      <Filter>Source Files</Filter>
    </ClCompile>
    <ClCompile Include="..\ChapmanWindows\ray.cpp">
      <Filter>Source Files</Filter>
    </ClCompile>
    <ClCompile Include="..\ChapmanWindows\scene.cpp">
      <Filter>Source Files</Filter>
    </ClCompile>
    <ClCompile Include="..\ChapmanWindows\sphere.cpp">
      <Filter>Source Files</Filter>
    </ClCompile>
  </ItemGroup>
  <ItemGroup>
    <ClInclude Include="..\ChapmanWindows\camera.h">
      <Filter>Header Files</Filter>
    </ClInclude>
    <ClInclude Include="..\ChapmanWindows\color.h">
      <Filter>Header Files</Filter>
    </ClInclude>
    <ClInclude Include="..\ChapmanWindows\directional_light.h">
      <Filter>Header Files</Filter>
    </ClInclude>
    <ClInclude Include="..\ChapmanWindows\image.h">
      <Filter>Header Files</Filter>
    </ClInclude>
    <ClInclude Include="..\ChapmanWindows\intersectable.h">
      <Filter>Header Files</Filter>
    </ClInclude>
    <ClInclude Include="..\ChapmanWindows\intersection.h">
      <Filter>Header Files</Filter>
    </ClInclude>
    <ClInclude Include="..\ChapmanWindows\light.h">
      <Filter>Header Files</Filter>
    </ClInclude>
    <ClInclude Include="..\ChapmanWindows\material.h">
      <Filter>Header Files</Filter>
    </ClInclude>
    <ClInclude Include="..\ChapmanWindows\plane.h">
      <Filter>Header Files</Filter>
    </ClInclude>
    <ClInclude Include="..\ChapmanWindows\point_light.h">
      <Filter>Header Files</Filter>
    </ClInclude>
    <ClInclude Include="..\ChapmanWindows\ray.h">
      <Filter>Header Files</Filter>
    </ClInclude>
    <ClInclude Include="..\ChapmanWindows\scene.h">
      <Filter>Header Files</Filter>
    </ClInclude>
    <ClInclude Include="..\ChapmanWindows\sphere.h">
      <Filter>Header Files</Filter>
    </ClInclude>
    <ClInclude Include="..\ChapmanWindows\vector3.h">
      <Filter>Header Files</Filter>
    </ClInclude>
  </ItemGroup>
  <ItemGroup>
    <Filter Include="Header Files">
      <UniqueIdentifier>{5426de52-4f7e-4db2-bf1e-37a967cac2cc}</UniqueIdentifier>
    </Filter>
    <Filter Include="Source Files">
      <UniqueIdentifier>{59e06f1f-7515-42c0-9f1d-b1bd4625bcc2}</UniqueIdentifier>
    </Filter>
  </ItemGroup>
</Project>